
Microsoft Visual Studio Solution File, Format Version 12.00
# Visual Studio Version 17
VisualStudioVersion = 17.9.34723.18
MinimumVisualStudioVersion = 10.0.40219.1
Project("{6EC3EE1D-3C4E-46DD-8F32-0CC8E7565705}") = "ElectrumSharp", "src\ElectrumSharp\ElectrumSharp.fsproj", "{72A727D6-D871-4E4B-92A9-A5A728A27B14}"
EndProject
Project("{F2A71F9B-5D33-465A-A702-920D77279786}") = "TestingApp", "TestingApp\TestingApp.fsproj", "{1C21ACA6-79B8-4FB5-B8F5-F5A9024F97CC}"
EndProject
Global
	GlobalSection(SolutionConfigurationPlatforms) = preSolution
		Debug|Any CPU = Debug|Any CPU
		Release|Any CPU = Release|Any CPU
	EndGlobalSection
	GlobalSection(ProjectConfigurationPlatforms) = postSolution
		{72A727D6-D871-4E4B-92A9-A5A728A27B14}.Debug|Any CPU.ActiveCfg = Debug|Any CPU
		{72A727D6-D871-4E4B-92A9-A5A728A27B14}.Debug|Any CPU.Build.0 = Debug|Any CPU
		{72A727D6-D871-4E4B-92A9-A5A728A27B14}.Release|Any CPU.ActiveCfg = Release|Any CPU
		{72A727D6-D871-4E4B-92A9-A5A728A27B14}.Release|Any CPU.Build.0 = Release|Any CPU
		{1C21ACA6-79B8-4FB5-B8F5-F5A9024F97CC}.Debug|Any CPU.ActiveCfg = Debug|Any CPU
		{1C21ACA6-79B8-4FB5-B8F5-F5A9024F97CC}.Debug|Any CPU.Build.0 = Debug|Any CPU
		{1C21ACA6-79B8-4FB5-B8F5-F5A9024F97CC}.Release|Any CPU.ActiveCfg = Release|Any CPU
		{1C21ACA6-79B8-4FB5-B8F5-F5A9024F97CC}.Release|Any CPU.Build.0 = Release|Any CPU
	EndGlobalSection
	GlobalSection(SolutionProperties) = preSolution
		HideSolutionNode = FALSE
	EndGlobalSection
	GlobalSection(ExtensibilityGlobals) = postSolution
		SolutionGuid = {9C7A9D7A-2B94-47E9-AA9D-9F3E2EB78615}
	EndGlobalSection
EndGlobal
